
Microsoft Visual Studio Solution File, Format Version 12.00
# Visual Studio 2013
VisualStudioVersion = 12.0.21005.1
MinimumVisualStudioVersion = 10.0.40219.1
Project("{FAE04EC0-301F-11D3-BF4B-00C04F79EFBC}") = "OpenSourceParty", "OpenSourceParty\OpenSourceParty.csproj", "{62FC12CC-A75F-426E-B61B-51750FD7FC2D}"
EndProject
Project("{FAE04EC0-301F-11D3-BF4B-00C04F79EFBC}") = "GamepadHandler", "OpenSourceParty\GamepadHandler.csproj", "{5CD5E281-BDEB-413D-9CBC-48434DA41C2C}"
EndProject
Project("{FAE04EC0-301F-11D3-BF4B-00C04F79EFBC}") = "FileHandler", "OpenSourceParty\FileHandler.csproj", "{B8A1929E-A3E7-408A-A84A-B423E3483E38}"
EndProject
Project("{FAE04EC0-301F-11D3-BF4B-00C04F79EFBC}") = "SpriteHandler", "OpenSourceParty\SpriteHandler.csproj", "{FA52368A-E4EF-4FBF-BFB9-7104165BEDCB}"
EndProject
Project("{FAE04EC0-301F-11D3-BF4B-00C04F79EFBC}") = "GameAbstracts", "OpenSourceParty\GameAbstracts.csproj", "{4B0CB0EB-E24B-4357-B379-31ABBB777670}"
EndProject
Project("{FAE04EC0-301F-11D3-BF4B-00C04F79EFBC}") = "MenuHandler", "OpenSourceParty\MenuHandler.csproj", "{EDDC59D1-DAF5-4458-B741-427225A0484B}"
EndProject
Project("{FAE04EC0-301F-11D3-BF4B-00C04F79EFBC}") = "GameStateClass", "GameStateClass\GameStateClass.csproj", "{126A77A0-7BDB-44D4-9A27-F2B879FC96F9}"
EndProject
Global
	GlobalSection(SolutionConfigurationPlatforms) = preSolution
		Debug|Any CPU = Debug|Any CPU
		Debug|x64 = Debug|x64
		Debug|x86 = Debug|x86
		Release|Any CPU = Release|Any CPU
		Release|x64 = Release|x64
		Release|x86 = Release|x86
	EndGlobalSection
	GlobalSection(ProjectConfigurationPlatforms) = postSolution
		{62FC12CC-A75F-426E-B61B-51750FD7FC2D}.Debug|Any CPU.ActiveCfg = Debug|Any CPU
		{62FC12CC-A75F-426E-B61B-51750FD7FC2D}.Debug|Any CPU.Build.0 = Debug|Any CPU
		{62FC12CC-A75F-426E-B61B-51750FD7FC2D}.Debug|x64.ActiveCfg = Debug|x64
		{62FC12CC-A75F-426E-B61B-51750FD7FC2D}.Debug|x64.Build.0 = Debug|x64
		{62FC12CC-A75F-426E-B61B-51750FD7FC2D}.Debug|x86.ActiveCfg = Debug|x86
		{62FC12CC-A75F-426E-B61B-51750FD7FC2D}.Debug|x86.Build.0 = Debug|x86
		{62FC12CC-A75F-426E-B61B-51750FD7FC2D}.Release|Any CPU.ActiveCfg = Release|Any CPU
		{62FC12CC-A75F-426E-B61B-51750FD7FC2D}.Release|Any CPU.Build.0 = Release|Any CPU
		{62FC12CC-A75F-426E-B61B-51750FD7FC2D}.Release|x64.ActiveCfg = Release|x64
		{62FC12CC-A75F-426E-B61B-51750FD7FC2D}.Release|x64.Build.0 = Release|x64
		{62FC12CC-A75F-426E-B61B-51750FD7FC2D}.Release|x86.ActiveCfg = Release|x86
		{62FC12CC-A75F-426E-B61B-51750FD7FC2D}.Release|x86.Build.0 = Release|x86
		{5CD5E281-BDEB-413D-9CBC-48434DA41C2C}.Debug|Any CPU.ActiveCfg = Debug|Any CPU
		{5CD5E281-BDEB-413D-9CBC-48434DA41C2C}.Debug|Any CPU.Build.0 = Debug|Any CPU
		{5CD5E281-BDEB-413D-9CBC-48434DA41C2C}.Debug|x64.ActiveCfg = Debug|Any CPU
		{5CD5E281-BDEB-413D-9CBC-48434DA41C2C}.Debug|x86.ActiveCfg = Debug|Any CPU
		{5CD5E281-BDEB-413D-9CBC-48434DA41C2C}.Release|Any CPU.ActiveCfg = Release|Any CPU
		{5CD5E281-BDEB-413D-9CBC-48434DA41C2C}.Release|Any CPU.Build.0 = Release|Any CPU
		{5CD5E281-BDEB-413D-9CBC-48434DA41C2C}.Release|x64.ActiveCfg = Release|Any CPU
		{5CD5E281-BDEB-413D-9CBC-48434DA41C2C}.Release|x86.ActiveCfg = Release|Any CPU
		{B8A1929E-A3E7-408A-A84A-B423E3483E38}.Debug|Any CPU.ActiveCfg = Debug|Any CPU
		{B8A1929E-A3E7-408A-A84A-B423E3483E38}.Debug|Any CPU.Build.0 = Debug|Any CPU
		{B8A1929E-A3E7-408A-A84A-B423E3483E38}.Debug|x64.ActiveCfg = Debug|Any CPU
		{B8A1929E-A3E7-408A-A84A-B423E3483E38}.Debug|x86.ActiveCfg = Debug|Any CPU
		{B8A1929E-A3E7-408A-A84A-B423E3483E38}.Release|Any CPU.ActiveCfg = Release|Any CPU
		{B8A1929E-A3E7-408A-A84A-B423E3483E38}.Release|Any CPU.Build.0 = Release|Any CPU
		{B8A1929E-A3E7-408A-A84A-B423E3483E38}.Release|x64.ActiveCfg = Release|Any CPU
		{B8A1929E-A3E7-408A-A84A-B423E3483E38}.Release|x86.ActiveCfg = Release|Any CPU
		{FA52368A-E4EF-4FBF-BFB9-7104165BEDCB}.Debug|Any CPU.ActiveCfg = Debug|Any CPU
		{FA52368A-E4EF-4FBF-BFB9-7104165BEDCB}.Debug|Any CPU.Build.0 = Debug|Any CPU
		{FA52368A-E4EF-4FBF-BFB9-7104165BEDCB}.Debug|x64.ActiveCfg = Debug|Any CPU
		{FA52368A-E4EF-4FBF-BFB9-7104165BEDCB}.Debug|x86.ActiveCfg = Debug|Any CPU
		{FA52368A-E4EF-4FBF-BFB9-7104165BEDCB}.Release|Any CPU.ActiveCfg = Release|Any CPU
		{FA52368A-E4EF-4FBF-BFB9-7104165BEDCB}.Release|Any CPU.Build.0 = Release|Any CPU
		{FA52368A-E4EF-4FBF-BFB9-7104165BEDCB}.Release|x64.ActiveCfg = Release|Any CPU
		{FA52368A-E4EF-4FBF-BFB9-7104165BEDCB}.Release|x86.ActiveCfg = Release|Any CPU
		{4B0CB0EB-E24B-4357-B379-31ABBB777670}.Debug|Any CPU.ActiveCfg = Debug|Any CPU
		{4B0CB0EB-E24B-4357-B379-31ABBB777670}.Debug|Any CPU.Build.0 = Debug|Any CPU
		{4B0CB0EB-E24B-4357-B379-31ABBB777670}.Debug|x64.ActiveCfg = Debug|Any CPU
		{4B0CB0EB-E24B-4357-B379-31ABBB777670}.Debug|x86.ActiveCfg = Debug|Any CPU
		{4B0CB0EB-E24B-4357-B379-31ABBB777670}.Release|Any CPU.ActiveCfg = Release|Any CPU
		{4B0CB0EB-E24B-4357-B379-31ABBB777670}.Release|Any CPU.Build.0 = Release|Any CPU
		{4B0CB0EB-E24B-4357-B379-31ABBB777670}.Release|x64.ActiveCfg = Release|Any CPU
		{4B0CB0EB-E24B-4357-B379-31ABBB777670}.Release|x86.ActiveCfg = Release|Any CPU
		{EDDC59D1-DAF5-4458-B741-427225A0484B}.Debug|Any CPU.ActiveCfg = Debug|Any CPU
		{EDDC59D1-DAF5-4458-B741-427225A0484B}.Debug|Any CPU.Build.0 = Debug|Any CPU
		{EDDC59D1-DAF5-4458-B741-427225A0484B}.Debug|x64.ActiveCfg = Debug|x64
		{EDDC59D1-DAF5-4458-B741-427225A0484B}.Debug|x64.Build.0 = Debug|x64
		{EDDC59D1-DAF5-4458-B741-427225A0484B}.Debug|x86.ActiveCfg = Debug|x86
		{EDDC59D1-DAF5-4458-B741-427225A0484B}.Debug|x86.Build.0 = Debug|x86
		{EDDC59D1-DAF5-4458-B741-427225A0484B}.Release|Any CPU.ActiveCfg = Release|Any CPU
		{EDDC59D1-DAF5-4458-B741-427225A0484B}.Release|Any CPU.Build.0 = Release|Any CPU
		{EDDC59D1-DAF5-4458-B741-427225A0484B}.Release|x64.ActiveCfg = Release|x64
		{EDDC59D1-DAF5-4458-B741-427225A0484B}.Release|x64.Build.0 = Release|x64
		{EDDC59D1-DAF5-4458-B741-427225A0484B}.Release|x86.ActiveCfg = Release|x86
		{EDDC59D1-DAF5-4458-B741-427225A0484B}.Release|x86.Build.0 = Release|x86
		{126A77A0-7BDB-44D4-9A27-F2B879FC96F9}.Debug|Any CPU.ActiveCfg = Debug|Any CPU
		{126A77A0-7BDB-44D4-9A27-F2B879FC96F9}.Debug|Any CPU.Build.0 = Debug|Any CPU
		{126A77A0-7BDB-44D4-9A27-F2B879FC96F9}.Debug|x64.ActiveCfg = Debug|Any CPU
		{126A77A0-7BDB-44D4-9A27-F2B879FC96F9}.Debug|x86.ActiveCfg = Debug|Any CPU
		{126A77A0-7BDB-44D4-9A27-F2B879FC96F9}.Release|Any CPU.ActiveCfg = Release|Any CPU
		{126A77A0-7BDB-44D4-9A27-F2B879FC96F9}.Release|Any CPU.Build.0 = Release|Any CPU
		{126A77A0-7BDB-44D4-9A27-F2B879FC96F9}.Release|x64.ActiveCfg = Release|Any CPU
		{126A77A0-7BDB-44D4-9A27-F2B879FC96F9}.Release|x86.ActiveCfg = Release|Any CPU
	EndGlobalSection
	GlobalSection(SolutionProperties) = preSolution
		HideSolutionNode = FALSE
	EndGlobalSection
EndGlobal
